
Microsoft Visual Studio Solution File, Format Version 12.00
# Visual Studio 15
VisualStudioVersion = 15.0.28307.572
MinimumVisualStudioVersion = 10.0.40219.1
Project("{8BC9CEB8-8B4A-11D0-8D11-00A0C91BC942}") = "PFB_radioastronomie_CPU", "PFB_radioastronomie_CPU\PFB_radioastronomie_CPU.vcxproj", "{CC51031A-E397-4EE4-89AC-8CFB28AACA07}"
EndProject
Global
	GlobalSection(SolutionConfigurationPlatforms) = preSolution
		Debug|x64 = Debug|x64
		Release|x64 = Release|x64
	EndGlobalSection
	GlobalSection(ProjectConfigurationPlatforms) = postSolution
		{CC51031A-E397-4EE4-89AC-8CFB28AACA07}.Debug|x64.ActiveCfg = Debug|x64
		{CC51031A-E397-4EE4-89AC-8CFB28AACA07}.Debug|x64.Build.0 = Debug|x64
		{CC51031A-E397-4EE4-89AC-8CFB28AACA07}.Release|x64.ActiveCfg = Release|x64
		{CC51031A-E397-4EE4-89AC-8CFB28AACA07}.Release|x64.Build.0 = Release|x64
	EndGlobalSection
	GlobalSection(SolutionProperties) = preSolution
		HideSolutionNode = FALSE
	EndGlobalSection
	GlobalSection(ExtensibilityGlobals) = postSolution
		SolutionGuid = {A11FD688-212B-4D32-AA9C-7033ECC94808}
	EndGlobalSection
EndGlobal
